
Microsoft Visual Studio Solution File, Format Version 12.00
# Visual Studio Version 17
VisualStudioVersion = 17.11.35312.102
MinimumVisualStudioVersion = 10.0.40219.1
Project("{FAE04EC0-301F-11D3-BF4B-00C04F79EFBC}") = "ReciptIQ", "ReciptIQ.csproj", "{FA35CC99-1D4C-4263-84D3-EA9B07604334}"
EndProject
Global
	GlobalSection(SolutionConfigurationPlatforms) = preSolution
		Debug|Any CPU = Debug|Any CPU
		Release|Any CPU = Release|Any CPU
	EndGlobalSection
	GlobalSection(ProjectConfigurationPlatforms) = postSolution
		{FA35CC99-1D4C-4263-84D3-EA9B07604334}.Debug|Any CPU.ActiveCfg = Debug|Any CPU
		{FA35CC99-1D4C-4263-84D3-EA9B07604334}.Debug|Any CPU.Build.0 = Debug|Any CPU
		{FA35CC99-1D4C-4263-84D3-EA9B07604334}.Release|Any CPU.ActiveCfg = Release|Any CPU
		{FA35CC99-1D4C-4263-84D3-EA9B07604334}.Release|Any CPU.Build.0 = Release|Any CPU
	EndGlobalSection
	GlobalSection(SolutionProperties) = preSolution
		HideSolutionNode = FALSE
	EndGlobalSection
	GlobalSection(ExtensibilityGlobals) = postSolution
		SolutionGuid = {CDC4AB8E-209B-499B-B437-F4009E1C64C8}
	EndGlobalSection
EndGlobal
